
Microsoft Visual Studio Solution File, Format Version 12.00
# Visual Studio Version 17
VisualStudioVersion = 17.0.32014.148
MinimumVisualStudioVersion = 10.0.40219.1
Project("{2150E333-8FDC-42A3-9474-1A3956D46DE8}") = "ShopManagment", "ShopManagment", "{811AAF46-0D62-4C69-BE6C-494191D40B20}"
EndProject
Project("{2150E333-8FDC-42A3-9474-1A3956D46DE8}") = "SM.Domain", "SM.Domain", "{3F8F2E55-2101-4F27-A91C-D21AE2347D81}"
EndProject
Project("{9A19103F-16F7-4668-BE54-9A1E7A4F7556}") = "ShopManagement.Domain", "ShopManagment.Domain\ShopManagement.Domain.csproj", "{24D7991D-1CC0-4578-A8A4-CF5D07C2C6E8}"
EndProject
Project("{9A19103F-16F7-4668-BE54-9A1E7A4F7556}") = "0_Framework", "0_Framework\0_Framework.csproj", "{ADA3B3D7-A2B6-4418-9205-B955DD803106}"
EndProject
Project("{2150E333-8FDC-42A3-9474-1A3956D46DE8}") = "SM.Application", "SM.Application", "{936C3006-8162-43CD-9ABF-4996DAA783A0}"
EndProject
Project("{9A19103F-16F7-4668-BE54-9A1E7A4F7556}") = "ShopManagement.Application.Contracts", "ShopManagement.Application.Contracts\ShopManagement.Application.Contracts.csproj", "{9BCB355C-3820-4209-9804-30510E5A2283}"
EndProject
Project("{9A19103F-16F7-4668-BE54-9A1E7A4F7556}") = "ShopManagement.Application", "ShopManagement.Application\ShopManagement.Application.csproj", "{6E18C288-A2BB-4E76-BA52-877C641F799C}"
EndProject
Project("{2150E333-8FDC-42A3-9474-1A3956D46DE8}") = "SM.Infrastructure", "SM.Infrastructure", "{CC637602-D5BA-4332-B75D-C7A44A45F9EA}"
EndProject
Project("{9A19103F-16F7-4668-BE54-9A1E7A4F7556}") = "ShopManagement.Infrastructure.EFCore", "ShopManagement.Infrastructure.EFCore\ShopManagement.Infrastructure.EFCore.csproj", "{405DF0F7-91BB-4751-A076-348E8279392A}"
EndProject
Project("{9A19103F-16F7-4668-BE54-9A1E7A4F7556}") = "ShopManagement.Configuration", "ShopManagement.Configuration\ShopManagement.Configuration.csproj", "{1698BE92-E504-4C18-BD07-159984DA8562}"
EndProject
Project("{9A19103F-16F7-4668-BE54-9A1E7A4F7556}") = "ServiceHost", "ServiceHost\ServiceHost.csproj", "{0BAA5844-2CFB-4A37-85A1-732C6DAEC01B}"
EndProject
Project("{FAE04EC0-301F-11D3-BF4B-00C04F79EFBC}") = "01_SiteQuery", "01_SiteQuery\01_SiteQuery.csproj", "{BF74E27C-FEF9-4D10-9359-472AB731693E}"
EndProject
Global
	GlobalSection(SolutionConfigurationPlatforms) = preSolution
		Debug|Any CPU = Debug|Any CPU
		Release|Any CPU = Release|Any CPU
	EndGlobalSection
	GlobalSection(ProjectConfigurationPlatforms) = postSolution
		{24D7991D-1CC0-4578-A8A4-CF5D07C2C6E8}.Debug|Any CPU.ActiveCfg = Debug|Any CPU
		{24D7991D-1CC0-4578-A8A4-CF5D07C2C6E8}.Debug|Any CPU.Build.0 = Debug|Any CPU
		{24D7991D-1CC0-4578-A8A4-CF5D07C2C6E8}.Release|Any CPU.ActiveCfg = Release|Any CPU
		{24D7991D-1CC0-4578-A8A4-CF5D07C2C6E8}.Release|Any CPU.Build.0 = Release|Any CPU
		{ADA3B3D7-A2B6-4418-9205-B955DD803106}.Debug|Any CPU.ActiveCfg = Debug|Any CPU
		{ADA3B3D7-A2B6-4418-9205-B955DD803106}.Debug|Any CPU.Build.0 = Debug|Any CPU
		{ADA3B3D7-A2B6-4418-9205-B955DD803106}.Release|Any CPU.ActiveCfg = Release|Any CPU
		{ADA3B3D7-A2B6-4418-9205-B955DD803106}.Release|Any CPU.Build.0 = Release|Any CPU
		{9BCB355C-3820-4209-9804-30510E5A2283}.Debug|Any CPU.ActiveCfg = Debug|Any CPU
		{9BCB355C-3820-4209-9804-30510E5A2283}.Debug|Any CPU.Build.0 = Debug|Any CPU
		{9BCB355C-3820-4209-9804-30510E5A2283}.Release|Any CPU.ActiveCfg = Release|Any CPU
		{9BCB355C-3820-4209-9804-30510E5A2283}.Release|Any CPU.Build.0 = Release|Any CPU
		{6E18C288-A2BB-4E76-BA52-877C641F799C}.Debug|Any CPU.ActiveCfg = Debug|Any CPU
		{6E18C288-A2BB-4E76-BA52-877C641F799C}.Debug|Any CPU.Build.0 = Debug|Any CPU
		{6E18C288-A2BB-4E76-BA52-877C641F799C}.Release|Any CPU.ActiveCfg = Release|Any CPU
		{6E18C288-A2BB-4E76-BA52-877C641F799C}.Release|Any CPU.Build.0 = Release|Any CPU
		{405DF0F7-91BB-4751-A076-348E8279392A}.Debug|Any CPU.ActiveCfg = Debug|Any CPU
		{405DF0F7-91BB-4751-A076-348E8279392A}.Debug|Any CPU.Build.0 = Debug|Any CPU
		{405DF0F7-91BB-4751-A076-348E8279392A}.Release|Any CPU.ActiveCfg = Release|Any CPU
		{405DF0F7-91BB-4751-A076-348E8279392A}.Release|Any CPU.Build.0 = Release|Any CPU
		{1698BE92-E504-4C18-BD07-159984DA8562}.Debug|Any CPU.ActiveCfg = Debug|Any CPU
		{1698BE92-E504-4C18-BD07-159984DA8562}.Debug|Any CPU.Build.0 = Debug|Any CPU
		{1698BE92-E504-4C18-BD07-159984DA8562}.Release|Any CPU.ActiveCfg = Release|Any CPU
		{1698BE92-E504-4C18-BD07-159984DA8562}.Release|Any CPU.Build.0 = Release|Any CPU
		{0BAA5844-2CFB-4A37-85A1-732C6DAEC01B}.Debug|Any CPU.ActiveCfg = Debug|Any CPU
		{0BAA5844-2CFB-4A37-85A1-732C6DAEC01B}.Debug|Any CPU.Build.0 = Debug|Any CPU
		{0BAA5844-2CFB-4A37-85A1-732C6DAEC01B}.Release|Any CPU.ActiveCfg = Release|Any CPU
		{0BAA5844-2CFB-4A37-85A1-732C6DAEC01B}.Release|Any CPU.Build.0 = Release|Any CPU
		{BF74E27C-FEF9-4D10-9359-472AB731693E}.Debug|Any CPU.ActiveCfg = Debug|Any CPU
		{BF74E27C-FEF9-4D10-9359-472AB731693E}.Debug|Any CPU.Build.0 = Debug|Any CPU
		{BF74E27C-FEF9-4D10-9359-472AB731693E}.Release|Any CPU.ActiveCfg = Release|Any CPU
		{BF74E27C-FEF9-4D10-9359-472AB731693E}.Release|Any CPU.Build.0 = Release|Any CPU
	EndGlobalSection
	GlobalSection(SolutionProperties) = preSolution
		HideSolutionNode = FALSE
	EndGlobalSection
	GlobalSection(NestedProjects) = preSolution
		{3F8F2E55-2101-4F27-A91C-D21AE2347D81} = {811AAF46-0D62-4C69-BE6C-494191D40B20}
		{24D7991D-1CC0-4578-A8A4-CF5D07C2C6E8} = {3F8F2E55-2101-4F27-A91C-D21AE2347D81}
		{936C3006-8162-43CD-9ABF-4996DAA783A0} = {811AAF46-0D62-4C69-BE6C-494191D40B20}
		{9BCB355C-3820-4209-9804-30510E5A2283} = {936C3006-8162-43CD-9ABF-4996DAA783A0}
		{6E18C288-A2BB-4E76-BA52-877C641F799C} = {936C3006-8162-43CD-9ABF-4996DAA783A0}
		{CC637602-D5BA-4332-B75D-C7A44A45F9EA} = {811AAF46-0D62-4C69-BE6C-494191D40B20}
		{405DF0F7-91BB-4751-A076-348E8279392A} = {CC637602-D5BA-4332-B75D-C7A44A45F9EA}
		{1698BE92-E504-4C18-BD07-159984DA8562} = {CC637602-D5BA-4332-B75D-C7A44A45F9EA}
	EndGlobalSection
	GlobalSection(ExtensibilityGlobals) = postSolution
		SolutionGuid = {6038039C-46E5-4E0E-A40C-8916B2CE6776}
	EndGlobalSection
EndGlobal
