
Microsoft Visual Studio Solution File, Format Version 12.00
# Visual Studio Version 17
VisualStudioVersion = 17.0.32014.148
MinimumVisualStudioVersion = 10.0.40219.1
Project("{2150E333-8FDC-42A3-9474-1A3956D46DE8}") = "ShopManagment", "ShopManagment", "{811AAF46-0D62-4C69-BE6C-494191D40B20}"
EndProject
Project("{2150E333-8FDC-42A3-9474-1A3956D46DE8}") = "SM.Domain", "SM.Domain", "{3F8F2E55-2101-4F27-A91C-D21AE2347D81}"
EndProject
Project("{9A19103F-16F7-4668-BE54-9A1E7A4F7556}") = "ShopManagement.Domain", "ShopManagment.Domain\ShopManagement.Domain.csproj", "{24D7991D-1CC0-4578-A8A4-CF5D07C2C6E8}"
EndProject
Project("{9A19103F-16F7-4668-BE54-9A1E7A4F7556}") = "0_Framework", "0_Framework\0_Framework.csproj", "{ADA3B3D7-A2B6-4418-9205-B955DD803106}"
EndProject
Project("{2150E333-8FDC-42A3-9474-1A3956D46DE8}") = "SM.Application", "SM.Application", "{936C3006-8162-43CD-9ABF-4996DAA783A0}"
EndProject
Project("{9A19103F-16F7-4668-BE54-9A1E7A4F7556}") = "ShopManagement.Application.Contracts", "ShopManagement.Application.Contracts\ShopManagement.Application.Contracts.csproj", "{9BCB355C-3820-4209-9804-30510E5A2283}"
EndProject
Project("{9A19103F-16F7-4668-BE54-9A1E7A4F7556}") = "ShopManagement.Application", "ShopManagement.Application\ShopManagement.Application.csproj", "{6E18C288-A2BB-4E76-BA52-877C641F799C}"
EndProject
Project("{2150E333-8FDC-42A3-9474-1A3956D46DE8}") = "SM.Infrastructure", "SM.Infrastructure", "{CC637602-D5BA-4332-B75D-C7A44A45F9EA}"
EndProject
Project("{9A19103F-16F7-4668-BE54-9A1E7A4F7556}") = "ShopManagement.Infrastructure.EFCore", "ShopManagement.Infrastructure.EFCore\ShopManagement.Infrastructure.EFCore.csproj", "{405DF0F7-91BB-4751-A076-348E8279392A}"
EndProject
Project("{9A19103F-16F7-4668-BE54-9A1E7A4F7556}") = "ShopManagement.Configuration", "ShopManagement.Configuration\ShopManagement.Configuration.csproj", "{1698BE92-E504-4C18-BD07-159984DA8562}"
EndProject
Project("{9A19103F-16F7-4668-BE54-9A1E7A4F7556}") = "ServiceHost", "ServiceHost\ServiceHost.csproj", "{0BAA5844-2CFB-4A37-85A1-732C6DAEC01B}"
EndProject
Project("{9A19103F-16F7-4668-BE54-9A1E7A4F7556}") = "01_SiteQuery", "01_SiteQuery\01_SiteQuery.csproj", "{BF74E27C-FEF9-4D10-9359-472AB731693E}"
EndProject
Project("{2150E333-8FDC-42A3-9474-1A3956D46DE8}") = "DiscountManagement", "DiscountManagement", "{B2886E8E-2697-4A99-8CEF-1D1F09302689}"
EndProject
Project("{2150E333-8FDC-42A3-9474-1A3956D46DE8}") = "DMDomain", "DMDomain", "{15F63E2D-5D7A-4F0F-910F-09FEFC1423ED}"
EndProject
Project("{9A19103F-16F7-4668-BE54-9A1E7A4F7556}") = "DiscountManagement.Domain", "DiscountManagment.Domain\DiscountManagement.Domain.csproj", "{4210C9AB-500A-4A90-8CCA-20454EA00ADC}"
EndProject
Project("{2150E333-8FDC-42A3-9474-1A3956D46DE8}") = "DM.Application", "DM.Application", "{9A67C3B7-F45A-4DFE-AD63-2A529759575A}"
EndProject
Project("{9A19103F-16F7-4668-BE54-9A1E7A4F7556}") = "DiscountManagement.Application.Contract", "DiscountManagement.Application.Contract\DiscountManagement.Application.Contract.csproj", "{EC0A5EB6-6F43-489D-BEE3-B2FA5BFE5B40}"
EndProject
Project("{9A19103F-16F7-4668-BE54-9A1E7A4F7556}") = "DiscountManagement.Application", "DiscountManagement.Application\DiscountManagement.Application.csproj", "{61A44959-8B96-4AC1-9B95-E3820B91EDA8}"
EndProject
Project("{2150E333-8FDC-42A3-9474-1A3956D46DE8}") = "DM.Infrastracture", "DM.Infrastracture", "{22F97C86-982C-4C2D-9F50-8D1F40A96AAD}"
EndProject
Project("{9A19103F-16F7-4668-BE54-9A1E7A4F7556}") = "DiscountManagement.Infrastracture.EFCore", "DiscountManagement.Infrastracture.EFCore\DiscountManagement.Infrastracture.EFCore.csproj", "{3FBD256B-1BD4-4442-9940-B157DD02D0C7}"
EndProject
Project("{FAE04EC0-301F-11D3-BF4B-00C04F79EFBC}") = "DiscountManagement.Configuration", "DiscountManagement.Configuration\DiscountManagement.Configuration.csproj", "{D4DF7066-572E-4EDE-B478-9E8ED36682D5}"
EndProject
Global
	GlobalSection(SolutionConfigurationPlatforms) = preSolution
		Debug|Any CPU = Debug|Any CPU
		Release|Any CPU = Release|Any CPU
	EndGlobalSection
	GlobalSection(ProjectConfigurationPlatforms) = postSolution
		{24D7991D-1CC0-4578-A8A4-CF5D07C2C6E8}.Debug|Any CPU.ActiveCfg = Debug|Any CPU
		{24D7991D-1CC0-4578-A8A4-CF5D07C2C6E8}.Debug|Any CPU.Build.0 = Debug|Any CPU
		{24D7991D-1CC0-4578-A8A4-CF5D07C2C6E8}.Release|Any CPU.ActiveCfg = Release|Any CPU
		{24D7991D-1CC0-4578-A8A4-CF5D07C2C6E8}.Release|Any CPU.Build.0 = Release|Any CPU
		{ADA3B3D7-A2B6-4418-9205-B955DD803106}.Debug|Any CPU.ActiveCfg = Debug|Any CPU
		{ADA3B3D7-A2B6-4418-9205-B955DD803106}.Debug|Any CPU.Build.0 = Debug|Any CPU
		{ADA3B3D7-A2B6-4418-9205-B955DD803106}.Release|Any CPU.ActiveCfg = Release|Any CPU
		{ADA3B3D7-A2B6-4418-9205-B955DD803106}.Release|Any CPU.Build.0 = Release|Any CPU
		{9BCB355C-3820-4209-9804-30510E5A2283}.Debug|Any CPU.ActiveCfg = Debug|Any CPU
		{9BCB355C-3820-4209-9804-30510E5A2283}.Debug|Any CPU.Build.0 = Debug|Any CPU
		{9BCB355C-3820-4209-9804-30510E5A2283}.Release|Any CPU.ActiveCfg = Release|Any CPU
		{9BCB355C-3820-4209-9804-30510E5A2283}.Release|Any CPU.Build.0 = Release|Any CPU
		{6E18C288-A2BB-4E76-BA52-877C641F799C}.Debug|Any CPU.ActiveCfg = Debug|Any CPU
		{6E18C288-A2BB-4E76-BA52-877C641F799C}.Debug|Any CPU.Build.0 = Debug|Any CPU
		{6E18C288-A2BB-4E76-BA52-877C641F799C}.Release|Any CPU.ActiveCfg = Release|Any CPU
		{6E18C288-A2BB-4E76-BA52-877C641F799C}.Release|Any CPU.Build.0 = Release|Any CPU
		{405DF0F7-91BB-4751-A076-348E8279392A}.Debug|Any CPU.ActiveCfg = Debug|Any CPU
		{405DF0F7-91BB-4751-A076-348E8279392A}.Debug|Any CPU.Build.0 = Debug|Any CPU
		{405DF0F7-91BB-4751-A076-348E8279392A}.Release|Any CPU.ActiveCfg = Release|Any CPU
		{405DF0F7-91BB-4751-A076-348E8279392A}.Release|Any CPU.Build.0 = Release|Any CPU
		{1698BE92-E504-4C18-BD07-159984DA8562}.Debug|Any CPU.ActiveCfg = Debug|Any CPU
		{1698BE92-E504-4C18-BD07-159984DA8562}.Debug|Any CPU.Build.0 = Debug|Any CPU
		{1698BE92-E504-4C18-BD07-159984DA8562}.Release|Any CPU.ActiveCfg = Release|Any CPU
		{1698BE92-E504-4C18-BD07-159984DA8562}.Release|Any CPU.Build.0 = Release|Any CPU
		{0BAA5844-2CFB-4A37-85A1-732C6DAEC01B}.Debug|Any CPU.ActiveCfg = Debug|Any CPU
		{0BAA5844-2CFB-4A37-85A1-732C6DAEC01B}.Debug|Any CPU.Build.0 = Debug|Any CPU
		{0BAA5844-2CFB-4A37-85A1-732C6DAEC01B}.Release|Any CPU.ActiveCfg = Release|Any CPU
		{0BAA5844-2CFB-4A37-85A1-732C6DAEC01B}.Release|Any CPU.Build.0 = Release|Any CPU
		{BF74E27C-FEF9-4D10-9359-472AB731693E}.Debug|Any CPU.ActiveCfg = Debug|Any CPU
		{BF74E27C-FEF9-4D10-9359-472AB731693E}.Debug|Any CPU.Build.0 = Debug|Any CPU
		{BF74E27C-FEF9-4D10-9359-472AB731693E}.Release|Any CPU.ActiveCfg = Release|Any CPU
		{BF74E27C-FEF9-4D10-9359-472AB731693E}.Release|Any CPU.Build.0 = Release|Any CPU
		{4210C9AB-500A-4A90-8CCA-20454EA00ADC}.Debug|Any CPU.ActiveCfg = Debug|Any CPU
		{4210C9AB-500A-4A90-8CCA-20454EA00ADC}.Debug|Any CPU.Build.0 = Debug|Any CPU
		{4210C9AB-500A-4A90-8CCA-20454EA00ADC}.Release|Any CPU.ActiveCfg = Release|Any CPU
		{4210C9AB-500A-4A90-8CCA-20454EA00ADC}.Release|Any CPU.Build.0 = Release|Any CPU
		{EC0A5EB6-6F43-489D-BEE3-B2FA5BFE5B40}.Debug|Any CPU.ActiveCfg = Debug|Any CPU
		{EC0A5EB6-6F43-489D-BEE3-B2FA5BFE5B40}.Debug|Any CPU.Build.0 = Debug|Any CPU
		{EC0A5EB6-6F43-489D-BEE3-B2FA5BFE5B40}.Release|Any CPU.ActiveCfg = Release|Any CPU
		{EC0A5EB6-6F43-489D-BEE3-B2FA5BFE5B40}.Release|Any CPU.Build.0 = Release|Any CPU
		{61A44959-8B96-4AC1-9B95-E3820B91EDA8}.Debug|Any CPU.ActiveCfg = Debug|Any CPU
		{61A44959-8B96-4AC1-9B95-E3820B91EDA8}.Debug|Any CPU.Build.0 = Debug|Any CPU
		{61A44959-8B96-4AC1-9B95-E3820B91EDA8}.Release|Any CPU.ActiveCfg = Release|Any CPU
		{61A44959-8B96-4AC1-9B95-E3820B91EDA8}.Release|Any CPU.Build.0 = Release|Any CPU
		{3FBD256B-1BD4-4442-9940-B157DD02D0C7}.Debug|Any CPU.ActiveCfg = Debug|Any CPU
		{3FBD256B-1BD4-4442-9940-B157DD02D0C7}.Debug|Any CPU.Build.0 = Debug|Any CPU
		{3FBD256B-1BD4-4442-9940-B157DD02D0C7}.Release|Any CPU.ActiveCfg = Release|Any CPU
		{3FBD256B-1BD4-4442-9940-B157DD02D0C7}.Release|Any CPU.Build.0 = Release|Any CPU
		{D4DF7066-572E-4EDE-B478-9E8ED36682D5}.Debug|Any CPU.ActiveCfg = Debug|Any CPU
		{D4DF7066-572E-4EDE-B478-9E8ED36682D5}.Debug|Any CPU.Build.0 = Debug|Any CPU
		{D4DF7066-572E-4EDE-B478-9E8ED36682D5}.Release|Any CPU.ActiveCfg = Release|Any CPU
		{D4DF7066-572E-4EDE-B478-9E8ED36682D5}.Release|Any CPU.Build.0 = Release|Any CPU
	EndGlobalSection
	GlobalSection(SolutionProperties) = preSolution
		HideSolutionNode = FALSE
	EndGlobalSection
	GlobalSection(NestedProjects) = preSolution
		{3F8F2E55-2101-4F27-A91C-D21AE2347D81} = {811AAF46-0D62-4C69-BE6C-494191D40B20}
		{24D7991D-1CC0-4578-A8A4-CF5D07C2C6E8} = {3F8F2E55-2101-4F27-A91C-D21AE2347D81}
		{936C3006-8162-43CD-9ABF-4996DAA783A0} = {811AAF46-0D62-4C69-BE6C-494191D40B20}
		{9BCB355C-3820-4209-9804-30510E5A2283} = {936C3006-8162-43CD-9ABF-4996DAA783A0}
		{6E18C288-A2BB-4E76-BA52-877C641F799C} = {936C3006-8162-43CD-9ABF-4996DAA783A0}
		{CC637602-D5BA-4332-B75D-C7A44A45F9EA} = {811AAF46-0D62-4C69-BE6C-494191D40B20}
		{405DF0F7-91BB-4751-A076-348E8279392A} = {CC637602-D5BA-4332-B75D-C7A44A45F9EA}
		{1698BE92-E504-4C18-BD07-159984DA8562} = {CC637602-D5BA-4332-B75D-C7A44A45F9EA}
		{15F63E2D-5D7A-4F0F-910F-09FEFC1423ED} = {B2886E8E-2697-4A99-8CEF-1D1F09302689}
		{4210C9AB-500A-4A90-8CCA-20454EA00ADC} = {15F63E2D-5D7A-4F0F-910F-09FEFC1423ED}
		{9A67C3B7-F45A-4DFE-AD63-2A529759575A} = {B2886E8E-2697-4A99-8CEF-1D1F09302689}
		{EC0A5EB6-6F43-489D-BEE3-B2FA5BFE5B40} = {9A67C3B7-F45A-4DFE-AD63-2A529759575A}
		{61A44959-8B96-4AC1-9B95-E3820B91EDA8} = {9A67C3B7-F45A-4DFE-AD63-2A529759575A}
		{22F97C86-982C-4C2D-9F50-8D1F40A96AAD} = {B2886E8E-2697-4A99-8CEF-1D1F09302689}
		{3FBD256B-1BD4-4442-9940-B157DD02D0C7} = {22F97C86-982C-4C2D-9F50-8D1F40A96AAD}
		{D4DF7066-572E-4EDE-B478-9E8ED36682D5} = {22F97C86-982C-4C2D-9F50-8D1F40A96AAD}
	EndGlobalSection
	GlobalSection(ExtensibilityGlobals) = postSolution
		SolutionGuid = {6038039C-46E5-4E0E-A40C-8916B2CE6776}
	EndGlobalSection
EndGlobal
